
Microsoft Visual Studio Solution File, Format Version 12.00
# Visual Studio Version 17
VisualStudioVersion = 17.1.32319.34
MinimumVisualStudioVersion = 10.0.40219.1
Project("{FAE04EC0-301F-11D3-BF4B-00C04F79EFBC}") = "TAB", "TAB\TAB.csproj", "{F4FD0D8B-D5B9-43DF-A766-5C32E3BE77AD}"
EndProject
Global
	GlobalSection(SolutionConfigurationPlatforms) = preSolution
		Debug|Any CPU = Debug|Any CPU
		Release|Any CPU = Release|Any CPU
	EndGlobalSection
	GlobalSection(ProjectConfigurationPlatforms) = postSolution
		{F4FD0D8B-D5B9-43DF-A766-5C32E3BE77AD}.Debug|Any CPU.ActiveCfg = Debug|Any CPU
		{F4FD0D8B-D5B9-43DF-A766-5C32E3BE77AD}.Debug|Any CPU.Build.0 = Debug|Any CPU
		{F4FD0D8B-D5B9-43DF-A766-5C32E3BE77AD}.Debug|Any CPU.Deploy.0 = Debug|Any CPU
		{F4FD0D8B-D5B9-43DF-A766-5C32E3BE77AD}.Release|Any CPU.ActiveCfg = Release|Any CPU
		{F4FD0D8B-D5B9-43DF-A766-5C32E3BE77AD}.Release|Any CPU.Build.0 = Release|Any CPU
		{F4FD0D8B-D5B9-43DF-A766-5C32E3BE77AD}.Release|Any CPU.Deploy.0 = Release|Any CPU
	EndGlobalSection
	GlobalSection(SolutionProperties) = preSolution
		HideSolutionNode = FALSE
	EndGlobalSection
	GlobalSection(ExtensibilityGlobals) = postSolution
		SolutionGuid = {0FD0AFDF-300E-4CC9-9156-C98EC1C0C513}
	EndGlobalSection
EndGlobal
